
Microsoft Visual Studio Solution File, Format Version 12.00
# Visual Studio 15
Project("{FAE04EC0-301F-11D3-BF4B-00C04F79EFBC}") = "Neva", "Neva.csproj", "{A21DC508-EC7B-BA46-DAAC-A196E6040AA1}"
EndProject
Project("{FAE04EC0-301F-11D3-BF4B-00C04F79EFBC}") = "Neva.Editor", "Neva.Editor.csproj", "{354475BA-625E-04B5-77FF-0EBD97FA0209}"
EndProject
Global
	GlobalSection(SolutionConfigurationPlatforms) = preSolution
		Debug|Any CPU = Debug|Any CPU
		Release|Any CPU = Release|Any CPU
	EndGlobalSection
	GlobalSection(ProjectConfigurationPlatforms) = postSolution
		{A21DC508-EC7B-BA46-DAAC-A196E6040AA1}.Debug|Any CPU.ActiveCfg = Debug|Any CPU
		{A21DC508-EC7B-BA46-DAAC-A196E6040AA1}.Debug|Any CPU.Build.0 = Debug|Any CPU
		{A21DC508-EC7B-BA46-DAAC-A196E6040AA1}.Release|Any CPU.ActiveCfg = Release|Any CPU
		{A21DC508-EC7B-BA46-DAAC-A196E6040AA1}.Release|Any CPU.Build.0 = Release|Any CPU
		{354475BA-625E-04B5-77FF-0EBD97FA0209}.Debug|Any CPU.ActiveCfg = Debug|Any CPU
		{354475BA-625E-04B5-77FF-0EBD97FA0209}.Debug|Any CPU.Build.0 = Debug|Any CPU
		{354475BA-625E-04B5-77FF-0EBD97FA0209}.Release|Any CPU.ActiveCfg = Release|Any CPU
		{354475BA-625E-04B5-77FF-0EBD97FA0209}.Release|Any CPU.Build.0 = Release|Any CPU
	EndGlobalSection
	GlobalSection(SolutionProperties) = preSolution
		HideSolutionNode = FALSE
	EndGlobalSection
EndGlobal
